
Microsoft Visual Studio Solution File, Format Version 11.00
# Visual Studio 2010
Project("{FAE04EC0-301F-11D3-BF4B-00C04F79EFBC}") = "Assembly-CSharp", "Assembly-CSharp.csproj", "{7bf668e1-e119-e74c-079e-e5e2d6813573}"
EndProject
Project("{FAE04EC0-301F-11D3-BF4B-00C04F79EFBC}") = "NavMeshComponents", "NavMeshComponents.csproj", "{9dee735b-af45-e254-b384-55d6c71f0393}"
EndProject
Project("{FAE04EC0-301F-11D3-BF4B-00C04F79EFBC}") = "NavMeshComponentsExamples", "NavMeshComponentsExamples.csproj", "{0cce6667-f878-a535-3e74-865c23cceb43}"
EndProject
Project("{FAE04EC0-301F-11D3-BF4B-00C04F79EFBC}") = "NavMeshComponentsTestsPlaymode", "NavMeshComponentsTestsPlaymode.csproj", "{028f494a-ece5-38ae-b0e5-cc9d0f6fb5c1}"
EndProject
Project("{FAE04EC0-301F-11D3-BF4B-00C04F79EFBC}") = "NavMeshComponentsEditor", "NavMeshComponentsEditor.csproj", "{4949d646-2101-cdc2-f31f-ed33dc180544}"
EndProject
Project("{FAE04EC0-301F-11D3-BF4B-00C04F79EFBC}") = "NavMeshComponentsTestsEditmode", "NavMeshComponentsTestsEditmode.csproj", "{66c5f33c-0368-a56c-96bf-0223b643424a}"
EndProject
Project("{FAE04EC0-301F-11D3-BF4B-00C04F79EFBC}") = "NavMeshComponentsExamplesEditor", "NavMeshComponentsExamplesEditor.csproj", "{4f285445-f9a4-5b79-a18b-704d12677cf3}"
EndProject
Global
	GlobalSection(SolutionConfigurationPlatforms) = preSolution
		Debug|Any CPU = Debug|Any CPU
	EndGlobalSection
	GlobalSection(ProjectConfigurationPlatforms) = postSolution
		{7bf668e1-e119-e74c-079e-e5e2d6813573}.Debug|Any CPU.ActiveCfg = Debug|Any CPU
		{7bf668e1-e119-e74c-079e-e5e2d6813573}.Debug|Any CPU.Build.0 = Debug|Any CPU
		{9dee735b-af45-e254-b384-55d6c71f0393}.Debug|Any CPU.ActiveCfg = Debug|Any CPU
		{9dee735b-af45-e254-b384-55d6c71f0393}.Debug|Any CPU.Build.0 = Debug|Any CPU
		{0cce6667-f878-a535-3e74-865c23cceb43}.Debug|Any CPU.ActiveCfg = Debug|Any CPU
		{0cce6667-f878-a535-3e74-865c23cceb43}.Debug|Any CPU.Build.0 = Debug|Any CPU
		{028f494a-ece5-38ae-b0e5-cc9d0f6fb5c1}.Debug|Any CPU.ActiveCfg = Debug|Any CPU
		{028f494a-ece5-38ae-b0e5-cc9d0f6fb5c1}.Debug|Any CPU.Build.0 = Debug|Any CPU
		{4949d646-2101-cdc2-f31f-ed33dc180544}.Debug|Any CPU.ActiveCfg = Debug|Any CPU
		{4949d646-2101-cdc2-f31f-ed33dc180544}.Debug|Any CPU.Build.0 = Debug|Any CPU
		{66c5f33c-0368-a56c-96bf-0223b643424a}.Debug|Any CPU.ActiveCfg = Debug|Any CPU
		{66c5f33c-0368-a56c-96bf-0223b643424a}.Debug|Any CPU.Build.0 = Debug|Any CPU
		{4f285445-f9a4-5b79-a18b-704d12677cf3}.Debug|Any CPU.ActiveCfg = Debug|Any CPU
		{4f285445-f9a4-5b79-a18b-704d12677cf3}.Debug|Any CPU.Build.0 = Debug|Any CPU
	EndGlobalSection
	GlobalSection(SolutionProperties) = preSolution
		HideSolutionNode = FALSE
	EndGlobalSection
EndGlobal
