
Microsoft Visual Studio Solution File, Format Version 11.00
# Visual Studio 2010
Project("{FAE04EC0-301F-11D3-BF4B-00C04F79EFBC}") = "NavMeshPlus", "NavMeshPlus.csproj", "{66d9395e-37ed-bcfe-ff7c-b84a5fcf6602}"
EndProject
Project("{FAE04EC0-301F-11D3-BF4B-00C04F79EFBC}") = "Assembly-CSharp", "Assembly-CSharp.csproj", "{7bf668e1-e119-e74c-079e-e5e2d6813573}"
EndProject
Project("{FAE04EC0-301F-11D3-BF4B-00C04F79EFBC}") = "NavMeshPlusEditor", "NavMeshPlusEditor.csproj", "{c9376ed5-b60c-23d3-a5e2-d9e5668a4ded}"
EndProject
Global
	GlobalSection(SolutionConfigurationPlatforms) = preSolution
		Debug|Any CPU = Debug|Any CPU
	EndGlobalSection
	GlobalSection(ProjectConfigurationPlatforms) = postSolution
		{66d9395e-37ed-bcfe-ff7c-b84a5fcf6602}.Debug|Any CPU.ActiveCfg = Debug|Any CPU
		{66d9395e-37ed-bcfe-ff7c-b84a5fcf6602}.Debug|Any CPU.Build.0 = Debug|Any CPU
		{7bf668e1-e119-e74c-079e-e5e2d6813573}.Debug|Any CPU.ActiveCfg = Debug|Any CPU
		{7bf668e1-e119-e74c-079e-e5e2d6813573}.Debug|Any CPU.Build.0 = Debug|Any CPU
		{c9376ed5-b60c-23d3-a5e2-d9e5668a4ded}.Debug|Any CPU.ActiveCfg = Debug|Any CPU
		{c9376ed5-b60c-23d3-a5e2-d9e5668a4ded}.Debug|Any CPU.Build.0 = Debug|Any CPU
	EndGlobalSection
	GlobalSection(SolutionProperties) = preSolution
		HideSolutionNode = FALSE
	EndGlobalSection
EndGlobal
